<?xml version="1.0" encoding="utf-8"?>
<Project ToolsVersion="4.0" xmlns="http://schemas.microsoft.com/developer/msbuild/2003">
  <ItemGroup>
    <Filter Include="Source Files">
      <UniqueIdentifier>{4FC737F1-C7A5-4376-A066-2A32D752A2FF}</UniqueIdentifier>
      <Extensions>cpp;c;cc;cxx;def;odl;idl;hpj;bat;asm;asmx</Extensions>
    </Filter>
    <Filter Include="Source Files\Resource Files">
      <UniqueIdentifier>{67DA6AB6-F800-4c08-8B7A-83BB121AAD01}</UniqueIdentifier>
      <Extensions>rc;ico;cur;bmp;dlg;rc2;rct;bin;rgs;gif;jpg;jpeg;jpe;resx;tiff;tif;png;wav</Extensions>
    </Filter>
    <Filter Include="Header Files">
      <UniqueIdentifier>{93995380-89BD-4b04-88EB-625FBE52EBFB}</UniqueIdentifier>
      <Extensions>h;hpp;hxx;hm;inl;inc;xsd</Extensions>
    </Filter>
  </ItemGroup>
  <ItemGroup>
    <ClCompile Include="..\Thirdparty\BaseClasses\amextra.cpp">
      <Filter>Source Files</Filter>
    </ClCompile>
    <ClCompile Include="..\Thirdparty\BaseClasses\amfilter.cpp">
      <Filter>Source Files</Filter>
    </ClCompile>
    <ClCompile Include="..\Thirdparty\BaseClasses\amvideo.cpp">
      <Filter>Source Files</Filter>
    </ClCompile>
    <ClCompile Include="..\Thirdparty\BaseClasses\arithutil.cpp">
      <Filter>Source Files</Filter>
    </ClCompile>
    <ClCompile Include="..\Thirdparty\BaseClasses\combase.cpp">
      <Filter>Source Files</Filter>
    </ClCompile>
    <ClCompile Include="..\Thirdparty\BaseClasses\cprop.cpp">
      <Filter>Source Files</Filter>
    </ClCompile>
    <ClCompile Include="..\Thirdparty\BaseClasses\ctlutil.cpp">
      <Filter>Source Files</Filter>
    </ClCompile>
    <ClCompile Include="..\Thirdparty\BaseClasses\ddmm.cpp">
      <Filter>Source Files</Filter>
    </ClCompile>
    <ClCompile Include="..\Thirdparty\BaseClasses\dllentry.cpp">
      <Filter>Source Files</Filter>
    </ClCompile>
    <ClCompile Include="..\Thirdparty\BaseClasses\dllsetup.cpp">
      <Filter>Source Files</Filter>
    </ClCompile>
    <ClCompile Include="..\Thirdparty\BaseClasses\mtype.cpp">
      <Filter>Source Files</Filter>
    </ClCompile>
    <ClCompile Include="..\Thirdparty\BaseClasses\outputq.cpp">
      <Filter>Source Files</Filter>
    </ClCompile>
    <ClCompile Include="..\Thirdparty\BaseClasses\perflog.cpp">
      <Filter>Source Files</Filter>
    </ClCompile>
    <ClCompile Include="..\Thirdparty\BaseClasses\pstream.cpp">
      <Filter>Source Files</Filter>
    </ClCompile>
    <ClCompile Include="..\Thirdparty\BaseClasses\pullpin.cpp">
      <Filter>Source Files</Filter>
    </ClCompile>
    <ClCompile Include="..\Thirdparty\BaseClasses\refclock.cpp">
      <Filter>Source Files</Filter>
    </ClCompile>
    <ClCompile Include="..\Thirdparty\BaseClasses\renbase.cpp">
      <Filter>Source Files</Filter>
    </ClCompile>
    <ClCompile Include="..\Thirdparty\BaseClasses\schedule.cpp">
      <Filter>Source Files</Filter>
    </ClCompile>
    <ClCompile Include="..\Thirdparty\BaseClasses\seekpt.cpp">
      <Filter>Source Files</Filter>
    </ClCompile>
    <ClCompile Include="..\Thirdparty\BaseClasses\source.cpp">
      <Filter>Source Files</Filter>
    </ClCompile>
    <ClCompile Include="..\Thirdparty\BaseClasses\strmctl.cpp">
      <Filter>Source Files</Filter>
    </ClCompile>
    <ClCompile Include="..\Thirdparty\BaseClasses\sysclock.cpp">
      <Filter>Source Files</Filter>
    </ClCompile>
    <ClCompile Include="..\Thirdparty\BaseClasses\transfrm.cpp">
      <Filter>Source Files</Filter>
    </ClCompile>
    <ClCompile Include="..\Thirdparty\BaseClasses\transip.cpp">
      <Filter>Source Files</Filter>
    </ClCompile>
    <ClCompile Include="..\Thirdparty\BaseClasses\videoctl.cpp">
      <Filter>Source Files</Filter>
    </ClCompile>
    <ClCompile Include="..\Thirdparty\BaseClasses\vtrans.cpp">
      <Filter>Source Files</Filter>
    </ClCompile>
    <ClCompile Include="..\Thirdparty\BaseClasses\winctrl.cpp">
      <Filter>Source Files</Filter>
    </ClCompile>
    <ClCompile Include="..\Thirdparty\BaseClasses\winutil.cpp">
      <Filter>Source Files</Filter>
    </ClCompile>
    <ClCompile Include="..\Thirdparty\BaseClasses\wxdebug.cpp">
      <Filter>Source Files</Filter>
    </ClCompile>
    <ClCompile Include="..\Thirdparty\BaseClasses\wxlist.cpp">
      <Filter>Source Files</Filter>
    </ClCompile>
    <ClCompile Include="..\Thirdparty\BaseClasses\wxutil.cpp">
      <Filter>Source Files</Filter>
    </ClCompile>
  </ItemGroup>
  <ItemGroup>
    <ClInclude Include="..\Thirdparty\BaseClasses\amextra.h">
      <Filter>Header Files</Filter>
    </ClInclude>
    <ClInclude Include="..\Thirdparty\BaseClasses\amfilter.h">
      <Filter>Header Files</Filter>
    </ClInclude>
    <ClInclude Include="..\Thirdparty\BaseClasses\cache.h">
      <Filter>Header Files</Filter>
    </ClInclude>
    <ClInclude Include="..\Thirdparty\BaseClasses\combase.h">
      <Filter>Header Files</Filter>
    </ClInclude>
    <ClInclude Include="..\Thirdparty\BaseClasses\cprop.h">
      <Filter>Header Files</Filter>
    </ClInclude>
    <ClInclude Include="..\Thirdparty\BaseClasses\ctlutil.h">
      <Filter>Header Files</Filter>
    </ClInclude>
    <ClInclude Include="..\Thirdparty\BaseClasses\ddmm.h">
      <Filter>Header Files</Filter>
    </ClInclude>
    <ClInclude Include="..\Thirdparty\BaseClasses\dllsetup.h">
      <Filter>Header Files</Filter>
    </ClInclude>
    <ClInclude Include="..\Thirdparty\BaseClasses\dxmperf.h">
      <Filter>Header Files</Filter>
    </ClInclude>
    <ClInclude Include="..\Thirdparty\BaseClasses\fourcc.h">
      <Filter>Header Files</Filter>
    </ClInclude>
    <ClInclude Include="..\Thirdparty\BaseClasses\measure.h">
      <Filter>Header Files</Filter>
    </ClInclude>
    <ClInclude Include="..\Thirdparty\BaseClasses\msgthrd.h">
      <Filter>Header Files</Filter>
    </ClInclude>
    <ClInclude Include="..\Thirdparty\BaseClasses\mtype.h">
      <Filter>Header Files</Filter>
    </ClInclude>
    <ClInclude Include="..\Thirdparty\BaseClasses\outputq.h">
      <Filter>Header Files</Filter>
    </ClInclude>
    <ClInclude Include="..\Thirdparty\BaseClasses\perflog.h">
      <Filter>Header Files</Filter>
    </ClInclude>
    <ClInclude Include="..\Thirdparty\BaseClasses\perfstruct.h">
      <Filter>Header Files</Filter>
    </ClInclude>
    <ClInclude Include="..\Thirdparty\BaseClasses\pstream.h">
      <Filter>Header Files</Filter>
    </ClInclude>
    <ClInclude Include="..\Thirdparty\BaseClasses\pullpin.h">
      <Filter>Header Files</Filter>
    </ClInclude>
    <ClInclude Include="..\Thirdparty\BaseClasses\refclock.h">
      <Filter>Header Files</Filter>
    </ClInclude>
    <ClInclude Include="..\Thirdparty\BaseClasses\reftime.h">
      <Filter>Header Files</Filter>
    </ClInclude>
    <ClInclude Include="..\Thirdparty\BaseClasses\renbase.h">
      <Filter>Header Files</Filter>
    </ClInclude>
    <ClInclude Include="..\Thirdparty\BaseClasses\schedule.h">
      <Filter>Header Files</Filter>
    </ClInclude>
    <ClInclude Include="..\Thirdparty\BaseClasses\seekpt.h">
      <Filter>Header Files</Filter>
    </ClInclude>
    <ClInclude Include="..\Thirdparty\BaseClasses\source.h">
      <Filter>Header Files</Filter>
    </ClInclude>
    <ClInclude Include="..\Thirdparty\BaseClasses\streams.h">
      <Filter>Header Files</Filter>
    </ClInclude>
    <ClInclude Include="..\Thirdparty\BaseClasses\strmctl.h">
      <Filter>Header Files</Filter>
    </ClInclude>
    <ClInclude Include="..\Thirdparty\BaseClasses\sysclock.h">
      <Filter>Header Files</Filter>
    </ClInclude>
    <ClInclude Include="..\Thirdparty\BaseClasses\transfrm.h">
      <Filter>Header Files</Filter>
    </ClInclude>
    <ClInclude Include="..\Thirdparty\BaseClasses\transip.h">
      <Filter>Header Files</Filter>
    </ClInclude>
    <ClInclude Include="..\Thirdparty\BaseClasses\videoctl.h">
      <Filter>Header Files</Filter>
    </ClInclude>
    <ClInclude Include="..\Thirdparty\BaseClasses\vtrans.h">
      <Filter>Header Files</Filter>
    </ClInclude>
    <ClInclude Include="..\Thirdparty\BaseClasses\winctrl.h">
      <Filter>Header Files</Filter>
    </ClInclude>
    <ClInclude Include="..\Thirdparty\BaseClasses\winutil.h">
      <Filter>Header Files</Filter>
    </ClInclude>
    <ClInclude Include="..\Thirdparty\BaseClasses\wxdebug.h">
      <Filter>Header Files</Filter>
    </ClInclude>
    <ClInclude Include="..\Thirdparty\BaseClasses\wxlist.h">
      <Filter>Header Files</Filter>
    </ClInclude>
    <ClInclude Include="..\Thirdparty\BaseClasses\wxutil.h">
      <Filter>Header Files</Filter>
    </ClInclude>
  </ItemGroup>
</Project>