Microsoft Visual Studio Solution File, Format Version 12.00
# Visual Studio Version 16
VisualStudioVersion = 16.0.32428.217
MinimumVisualStudioVersion = 16.0.28729.10
Project("{8BC9CEB8-8B4A-11D0-8D11-00A0C91BC942}") = "LibISDB", "LibISDB.vcxproj", "{55037A54-F0FB-446C-B81F-424C5D0FA3D9}"
EndProject
Project("{8BC9CEB8-8B4A-11D0-8D11-00A0C91BC942}") = "LibISDBWindows", "LibISDBWindows.vcxproj", "{990EB6F3-1222-41F1-B364-323F5BD4E1A7}"
EndProject
Project("{2150E333-8FDC-42A3-9474-1A3956D46DE8}") = "Samples", "Samples", "{7B3C9983-9B3F-46DB-B350-D03D00F13892}"
EndProject
Project("{8BC9CEB8-8B4A-11D0-8D11-00A0C91BC942}") = "tspidinfo", "tspidinfo.vcxproj", "{93C05A34-C80F-458B-AE28-A62A3963582E}"
	ProjectSection(ProjectDependencies) = postProject
		{55037A54-F0FB-446C-B81F-424C5D0FA3D9} = {55037A54-F0FB-446C-B81F-424C5D0FA3D9}
	EndProjectSection
EndProject
Project("{2150E333-8FDC-42A3-9474-1A3956D46DE8}") = "Thirdparty", "Thirdparty", "{0B5A23B3-2F16-42DC-B910-1E74E9166C9D}"
EndProject
Project("{8BC9CEB8-8B4A-11D0-8D11-00A0C91BC942}") = "BaseClasses", "BaseClasses.vcxproj", "{E8A3F6FA-AE1C-4C8E-A0B6-9C8480324EAA}"
EndProject
Project("{8BC9CEB8-8B4A-11D0-8D11-00A0C91BC942}") = "liba52", "liba52.vcxproj", "{E6493E00-9BC9-4816-B0DA-8B9A20A2FA4C}"
EndProject
Project("{8BC9CEB8-8B4A-11D0-8D11-00A0C91BC942}") = "libfaad", "libfaad.vcxproj", "{BC3EFE27-9015-4C9C-AD3C-72B3B7ED2114}"
EndProject
Project("{8BC9CEB8-8B4A-11D0-8D11-00A0C91BC942}") = "libmad", "libmad.vcxproj", "{47C250DA-15E2-484A-AD6F-04EA8F56A705}"
EndProject
Project("{2150E333-8FDC-42A3-9474-1A3956D46DE8}") = "Tests", "Tests", "{9E012E25-30D4-4B78-AE15-FEA3D9955319}"
EndProject
Project("{8BC9CEB8-8B4A-11D0-8D11-00A0C91BC942}") = "libisdbtest", "libisdbtest.vcxproj", "{90ABD800-1267-4F57-89BF-AB3895272DEE}"
	ProjectSection(ProjectDependencies) = postProject
		{55037A54-F0FB-446C-B81F-424C5D0FA3D9} = {55037A54-F0FB-446C-B81F-424C5D0FA3D9}
	EndProjectSection
EndProject
Project("{8BC9CEB8-8B4A-11D0-8D11-00A0C91BC942}") = "epgdatatojson", "epgdatatojson.vcxproj", "{ABE1955C-5420-4917-A704-EF991D4B68FA}"
	ProjectSection(ProjectDependencies) = postProject
		{55037A54-F0FB-446C-B81F-424C5D0FA3D9} = {55037A54-F0FB-446C-B81F-424C5D0FA3D9}
	EndProjectSection
EndProject
Project("{8BC9CEB8-8B4A-11D0-8D11-00A0C91BC942}") = "tslogoextract", "tslogoextract.vcxproj", "{DFF9C9AF-83DA-46CA-93D0-B6E2383D64BB}"
	ProjectSection(ProjectDependencies) = postProject
		{55037A54-F0FB-446C-B81F-424C5D0FA3D9} = {55037A54-F0FB-446C-B81F-424C5D0FA3D9}
	EndProjectSection
EndProject
Project("{8BC9CEB8-8B4A-11D0-8D11-00A0C91BC942}") = "fdk-aac", "fdk-aac.vcxproj", "{7876ACF2-96AF-4611-876F-351D18886D8F}"
EndProject
Global
	GlobalSection(SolutionConfigurationPlatforms) = preSolution
		Debug|x64 = Debug|x64
		Debug|x86 = Debug|x86
		Release_MD|x64 = Release_MD|x64
		Release_MD|x86 = Release_MD|x86
		Release|x64 = Release|x64
		Release|x86 = Release|x86
	EndGlobalSection
	GlobalSection(ProjectConfigurationPlatforms) = postSolution
		{55037A54-F0FB-446C-B81F-424C5D0FA3D9}.Debug|x64.ActiveCfg = Debug|x64
		{55037A54-F0FB-446C-B81F-424C5D0FA3D9}.Debug|x64.Build.0 = Debug|x64
		{55037A54-F0FB-446C-B81F-424C5D0FA3D9}.Debug|x86.ActiveCfg = Debug|Win32
		{55037A54-F0FB-446C-B81F-424C5D0FA3D9}.Debug|x86.Build.0 = Debug|Win32
		{55037A54-F0FB-446C-B81F-424C5D0FA3D9}.Release_MD|x64.ActiveCfg = Release_MD|x64
		{55037A54-F0FB-446C-B81F-424C5D0FA3D9}.Release_MD|x64.Build.0 = Release_MD|x64
		{55037A54-F0FB-446C-B81F-424C5D0FA3D9}.Release_MD|x86.ActiveCfg = Release_MD|Win32
		{55037A54-F0FB-446C-B81F-424C5D0FA3D9}.Release_MD|x86.Build.0 = Release_MD|Win32
		{55037A54-F0FB-446C-B81F-424C5D0FA3D9}.Release|x64.ActiveCfg = Release|x64
		{55037A54-F0FB-446C-B81F-424C5D0FA3D9}.Release|x64.Build.0 = Release|x64
		{55037A54-F0FB-446C-B81F-424C5D0FA3D9}.Release|x86.ActiveCfg = Release|Win32
		{55037A54-F0FB-446C-B81F-424C5D0FA3D9}.Release|x86.Build.0 = Release|Win32
		{990EB6F3-1222-41F1-B364-323F5BD4E1A7}.Debug|x64.ActiveCfg = Debug|x64
		{990EB6F3-1222-41F1-B364-323F5BD4E1A7}.Debug|x64.Build.0 = Debug|x64
		{990EB6F3-1222-41F1-B364-323F5BD4E1A7}.Debug|x86.ActiveCfg = Debug|Win32
		{990EB6F3-1222-41F1-B364-323F5BD4E1A7}.Debug|x86.Build.0 = Debug|Win32
		{990EB6F3-1222-41F1-B364-323F5BD4E1A7}.Release_MD|x64.ActiveCfg = Release_MD|x64
		{990EB6F3-1222-41F1-B364-323F5BD4E1A7}.Release_MD|x64.Build.0 = Release_MD|x64
		{990EB6F3-1222-41F1-B364-323F5BD4E1A7}.Release_MD|x86.ActiveCfg = Release_MD|Win32
		{990EB6F3-1222-41F1-B364-323F5BD4E1A7}.Release_MD|x86.Build.0 = Release_MD|Win32
		{990EB6F3-1222-41F1-B364-323F5BD4E1A7}.Release|x64.ActiveCfg = Release|x64
		{990EB6F3-1222-41F1-B364-323F5BD4E1A7}.Release|x64.Build.0 = Release|x64
		{990EB6F3-1222-41F1-B364-323F5BD4E1A7}.Release|x86.ActiveCfg = Release|Win32
		{990EB6F3-1222-41F1-B364-323F5BD4E1A7}.Release|x86.Build.0 = Release|Win32
		{93C05A34-C80F-458B-AE28-A62A3963582E}.Debug|x64.ActiveCfg = Debug|x64
		{93C05A34-C80F-458B-AE28-A62A3963582E}.Debug|x64.Build.0 = Debug|x64
		{93C05A34-C80F-458B-AE28-A62A3963582E}.Debug|x86.ActiveCfg = Debug|Win32
		{93C05A34-C80F-458B-AE28-A62A3963582E}.Debug|x86.Build.0 = Debug|Win32
		{93C05A34-C80F-458B-AE28-A62A3963582E}.Release_MD|x64.ActiveCfg = Release_MD|x64
		{93C05A34-C80F-458B-AE28-A62A3963582E}.Release_MD|x64.Build.0 = Release_MD|x64
		{93C05A34-C80F-458B-AE28-A62A3963582E}.Release_MD|x86.ActiveCfg = Release_MD|Win32
		{93C05A34-C80F-458B-AE28-A62A3963582E}.Release_MD|x86.Build.0 = Release_MD|Win32
		{93C05A34-C80F-458B-AE28-A62A3963582E}.Release|x64.ActiveCfg = Release|x64
		{93C05A34-C80F-458B-AE28-A62A3963582E}.Release|x64.Build.0 = Release|x64
		{93C05A34-C80F-458B-AE28-A62A3963582E}.Release|x86.ActiveCfg = Release|Win32
		{93C05A34-C80F-458B-AE28-A62A3963582E}.Release|x86.Build.0 = Release|Win32
		{E8A3F6FA-AE1C-4C8E-A0B6-9C8480324EAA}.Debug|x64.ActiveCfg = Debug|x64
		{E8A3F6FA-AE1C-4C8E-A0B6-9C8480324EAA}.Debug|x64.Build.0 = Debug|x64
		{E8A3F6FA-AE1C-4C8E-A0B6-9C8480324EAA}.Debug|x86.ActiveCfg = Debug|Win32
		{E8A3F6FA-AE1C-4C8E-A0B6-9C8480324EAA}.Debug|x86.Build.0 = Debug|Win32
		{E8A3F6FA-AE1C-4C8E-A0B6-9C8480324EAA}.Release_MD|x64.ActiveCfg = Release_MD|x64
		{E8A3F6FA-AE1C-4C8E-A0B6-9C8480324EAA}.Release_MD|x64.Build.0 = Release_MD|x64
		{E8A3F6FA-AE1C-4C8E-A0B6-9C8480324EAA}.Release_MD|x86.ActiveCfg = Release_MD|Win32
		{E8A3F6FA-AE1C-4C8E-A0B6-9C8480324EAA}.Release_MD|x86.Build.0 = Release_MD|Win32
		{E8A3F6FA-AE1C-4C8E-A0B6-9C8480324EAA}.Release|x64.ActiveCfg = Release|x64
		{E8A3F6FA-AE1C-4C8E-A0B6-9C8480324EAA}.Release|x64.Build.0 = Release|x64
		{E8A3F6FA-AE1C-4C8E-A0B6-9C8480324EAA}.Release|x86.ActiveCfg = Release|Win32
		{E8A3F6FA-AE1C-4C8E-A0B6-9C8480324EAA}.Release|x86.Build.0 = Release|Win32
		{E6493E00-9BC9-4816-B0DA-8B9A20A2FA4C}.Debug|x64.ActiveCfg = Debug|x64
		{E6493E00-9BC9-4816-B0DA-8B9A20A2FA4C}.Debug|x64.Build.0 = Debug|x64
		{E6493E00-9BC9-4816-B0DA-8B9A20A2FA4C}.Debug|x86.ActiveCfg = Debug|Win32
		{E6493E00-9BC9-4816-B0DA-8B9A20A2FA4C}.Debug|x86.Build.0 = Debug|Win32
		{E6493E00-9BC9-4816-B0DA-8B9A20A2FA4C}.Release_MD|x64.ActiveCfg = Release_MD|x64
		{E6493E00-9BC9-4816-B0DA-8B9A20A2FA4C}.Release_MD|x64.Build.0 = Release_MD|x64
		{E6493E00-9BC9-4816-B0DA-8B9A20A2FA4C}.Release_MD|x86.ActiveCfg = Release_MD|Win32
		{E6493E00-9BC9-4816-B0DA-8B9A20A2FA4C}.Release_MD|x86.Build.0 = Release_MD|Win32
		{E6493E00-9BC9-4816-B0DA-8B9A20A2FA4C}.Release|x64.ActiveCfg = Release|x64
		{E6493E00-9BC9-4816-B0DA-8B9A20A2FA4C}.Release|x64.Build.0 = Release|x64
		{E6493E00-9BC9-4816-B0DA-8B9A20A2FA4C}.Release|x86.ActiveCfg = Release|Win32
		{E6493E00-9BC9-4816-B0DA-8B9A20A2FA4C}.Release|x86.Build.0 = Release|Win32
		{BC3EFE27-9015-4C9C-AD3C-72B3B7ED2114}.Debug|x64.ActiveCfg = Debug|x64
		{BC3EFE27-9015-4C9C-AD3C-72B3B7ED2114}.Debug|x64.Build.0 = Debug|x64
		{BC3EFE27-9015-4C9C-AD3C-72B3B7ED2114}.Debug|x86.ActiveCfg = Debug|Win32
		{BC3EFE27-9015-4C9C-AD3C-72B3B7ED2114}.Debug|x86.Build.0 = Debug|Win32
		{BC3EFE27-9015-4C9C-AD3C-72B3B7ED2114}.Release_MD|x64.ActiveCfg = Release_MD|x64
		{BC3EFE27-9015-4C9C-AD3C-72B3B7ED2114}.Release_MD|x64.Build.0 = Release_MD|x64
		{BC3EFE27-9015-4C9C-AD3C-72B3B7ED2114}.Release_MD|x86.ActiveCfg = Release_MD|Win32
		{BC3EFE27-9015-4C9C-AD3C-72B3B7ED2114}.Release_MD|x86.Build.0 = Release_MD|Win32
		{BC3EFE27-9015-4C9C-AD3C-72B3B7ED2114}.Release|x64.ActiveCfg = Release|x64
		{BC3EFE27-9015-4C9C-AD3C-72B3B7ED2114}.Release|x64.Build.0 = Release|x64
		{BC3EFE27-9015-4C9C-AD3C-72B3B7ED2114}.Release|x86.ActiveCfg = Release|Win32
		{BC3EFE27-9015-4C9C-AD3C-72B3B7ED2114}.Release|x86.Build.0 = Release|Win32
		{47C250DA-15E2-484A-AD6F-04EA8F56A705}.Debug|x64.ActiveCfg = Debug|x64
		{47C250DA-15E2-484A-AD6F-04EA8F56A705}.Debug|x64.Build.0 = Debug|x64
		{47C250DA-15E2-484A-AD6F-04EA8F56A705}.Debug|x86.ActiveCfg = Debug|Win32
		{47C250DA-15E2-484A-AD6F-04EA8F56A705}.Debug|x86.Build.0 = Debug|Win32
		{47C250DA-15E2-484A-AD6F-04EA8F56A705}.Release_MD|x64.ActiveCfg = Release_MD|x64
		{47C250DA-15E2-484A-AD6F-04EA8F56A705}.Release_MD|x64.Build.0 = Release_MD|x64
		{47C250DA-15E2-484A-AD6F-04EA8F56A705}.Release_MD|x86.ActiveCfg = Release_MD|Win32
		{47C250DA-15E2-484A-AD6F-04EA8F56A705}.Release_MD|x86.Build.0 = Release_MD|Win32
		{47C250DA-15E2-484A-AD6F-04EA8F56A705}.Release|x64.ActiveCfg = Release|x64
		{47C250DA-15E2-484A-AD6F-04EA8F56A705}.Release|x64.Build.0 = Release|x64
		{47C250DA-15E2-484A-AD6F-04EA8F56A705}.Release|x86.ActiveCfg = Release|Win32
		{47C250DA-15E2-484A-AD6F-04EA8F56A705}.Release|x86.Build.0 = Release|Win32
		{90ABD800-1267-4F57-89BF-AB3895272DEE}.Debug|x64.ActiveCfg = Debug|x64
		{90ABD800-1267-4F57-89BF-AB3895272DEE}.Debug|x64.Build.0 = Debug|x64
		{90ABD800-1267-4F57-89BF-AB3895272DEE}.Debug|x86.ActiveCfg = Debug|Win32
		{90ABD800-1267-4F57-89BF-AB3895272DEE}.Debug|x86.Build.0 = Debug|Win32
		{90ABD800-1267-4F57-89BF-AB3895272DEE}.Release_MD|x64.ActiveCfg = Release_MD|x64
		{90ABD800-1267-4F57-89BF-AB3895272DEE}.Release_MD|x64.Build.0 = Release_MD|x64
		{90ABD800-1267-4F57-89BF-AB3895272DEE}.Release_MD|x86.ActiveCfg = Release_MD|Win32
		{90ABD800-1267-4F57-89BF-AB3895272DEE}.Release_MD|x86.Build.0 = Release_MD|Win32
		{90ABD800-1267-4F57-89BF-AB3895272DEE}.Release|x64.ActiveCfg = Release|x64
		{90ABD800-1267-4F57-89BF-AB3895272DEE}.Release|x64.Build.0 = Release|x64
		{90ABD800-1267-4F57-89BF-AB3895272DEE}.Release|x86.ActiveCfg = Release|Win32
		{90ABD800-1267-4F57-89BF-AB3895272DEE}.Release|x86.Build.0 = Release|Win32
		{ABE1955C-5420-4917-A704-EF991D4B68FA}.Debug|x64.ActiveCfg = Debug|x64
		{ABE1955C-5420-4917-A704-EF991D4B68FA}.Debug|x64.Build.0 = Debug|x64
		{ABE1955C-5420-4917-A704-EF991D4B68FA}.Debug|x86.ActiveCfg = Debug|Win32
		{ABE1955C-5420-4917-A704-EF991D4B68FA}.Debug|x86.Build.0 = Debug|Win32
		{ABE1955C-5420-4917-A704-EF991D4B68FA}.Release_MD|x64.ActiveCfg = Release_MD|x64
		{ABE1955C-5420-4917-A704-EF991D4B68FA}.Release_MD|x64.Build.0 = Release_MD|x64
		{ABE1955C-5420-4917-A704-EF991D4B68FA}.Release_MD|x86.ActiveCfg = Release_MD|Win32
		{ABE1955C-5420-4917-A704-EF991D4B68FA}.Release_MD|x86.Build.0 = Release_MD|Win32
		{ABE1955C-5420-4917-A704-EF991D4B68FA}.Release|x64.ActiveCfg = Release|x64
		{ABE1955C-5420-4917-A704-EF991D4B68FA}.Release|x64.Build.0 = Release|x64
		{ABE1955C-5420-4917-A704-EF991D4B68FA}.Release|x86.ActiveCfg = Release|Win32
		{ABE1955C-5420-4917-A704-EF991D4B68FA}.Release|x86.Build.0 = Release|Win32
		{DFF9C9AF-83DA-46CA-93D0-B6E2383D64BB}.Debug|x64.ActiveCfg = Debug|x64
		{DFF9C9AF-83DA-46CA-93D0-B6E2383D64BB}.Debug|x64.Build.0 = Debug|x64
		{DFF9C9AF-83DA-46CA-93D0-B6E2383D64BB}.Debug|x86.ActiveCfg = Debug|Win32
		{DFF9C9AF-83DA-46CA-93D0-B6E2383D64BB}.Debug|x86.Build.0 = Debug|Win32
		{DFF9C9AF-83DA-46CA-93D0-B6E2383D64BB}.Release_MD|x64.ActiveCfg = Release_MD|x64
		{DFF9C9AF-83DA-46CA-93D0-B6E2383D64BB}.Release_MD|x64.Build.0 = Release_MD|x64
		{DFF9C9AF-83DA-46CA-93D0-B6E2383D64BB}.Release_MD|x86.ActiveCfg = Release_MD|Win32
		{DFF9C9AF-83DA-46CA-93D0-B6E2383D64BB}.Release_MD|x86.Build.0 = Release_MD|Win32
		{DFF9C9AF-83DA-46CA-93D0-B6E2383D64BB}.Release|x64.ActiveCfg = Release|x64
		{DFF9C9AF-83DA-46CA-93D0-B6E2383D64BB}.Release|x64.Build.0 = Release|x64
		{DFF9C9AF-83DA-46CA-93D0-B6E2383D64BB}.Release|x86.ActiveCfg = Release|Win32
		{DFF9C9AF-83DA-46CA-93D0-B6E2383D64BB}.Release|x86.Build.0 = Release|Win32
		{7876ACF2-96AF-4611-876F-351D18886D8F}.Debug|x64.ActiveCfg = Debug|x64
		{7876ACF2-96AF-4611-876F-351D18886D8F}.Debug|x64.Build.0 = Debug|x64
		{7876ACF2-96AF-4611-876F-351D18886D8F}.Debug|x86.ActiveCfg = Debug|Win32
		{7876ACF2-96AF-4611-876F-351D18886D8F}.Debug|x86.Build.0 = Debug|Win32
		{7876ACF2-96AF-4611-876F-351D18886D8F}.Release_MD|x64.ActiveCfg = Release_MD|x64
		{7876ACF2-96AF-4611-876F-351D18886D8F}.Release_MD|x64.Build.0 = Release_MD|x64
		{7876ACF2-96AF-4611-876F-351D18886D8F}.Release_MD|x86.ActiveCfg = Release_MD|Win32
		{7876ACF2-96AF-4611-876F-351D18886D8F}.Release_MD|x86.Build.0 = Release_MD|Win32
		{7876ACF2-96AF-4611-876F-351D18886D8F}.Release|x64.ActiveCfg = Release|x64
		{7876ACF2-96AF-4611-876F-351D18886D8F}.Release|x64.Build.0 = Release|x64
		{7876ACF2-96AF-4611-876F-351D18886D8F}.Release|x86.ActiveCfg = Release|Win32
		{7876ACF2-96AF-4611-876F-351D18886D8F}.Release|x86.Build.0 = Release|Win32
	EndGlobalSection
	GlobalSection(SolutionProperties) = preSolution
		HideSolutionNode = FALSE
	EndGlobalSection
	GlobalSection(NestedProjects) = preSolution
		{93C05A34-C80F-458B-AE28-A62A3963582E} = {7B3C9983-9B3F-46DB-B350-D03D00F13892}
		{E8A3F6FA-AE1C-4C8E-A0B6-9C8480324EAA} = {0B5A23B3-2F16-42DC-B910-1E74E9166C9D}
		{E6493E00-9BC9-4816-B0DA-8B9A20A2FA4C} = {0B5A23B3-2F16-42DC-B910-1E74E9166C9D}
		{BC3EFE27-9015-4C9C-AD3C-72B3B7ED2114} = {0B5A23B3-2F16-42DC-B910-1E74E9166C9D}
		{47C250DA-15E2-484A-AD6F-04EA8F56A705} = {0B5A23B3-2F16-42DC-B910-1E74E9166C9D}
		{90ABD800-1267-4F57-89BF-AB3895272DEE} = {9E012E25-30D4-4B78-AE15-FEA3D9955319}
		{ABE1955C-5420-4917-A704-EF991D4B68FA} = {7B3C9983-9B3F-46DB-B350-D03D00F13892}
		{DFF9C9AF-83DA-46CA-93D0-B6E2383D64BB} = {7B3C9983-9B3F-46DB-B350-D03D00F13892}
		{7876ACF2-96AF-4611-876F-351D18886D8F} = {0B5A23B3-2F16-42DC-B910-1E74E9166C9D}
	EndGlobalSection
	GlobalSection(ExtensibilityGlobals) = postSolution
		SolutionGuid = {4EC17A09-B914-4337-93B6-DA3214A7BAB3}
	EndGlobalSection
EndGlobal
