<?xml version="1.0" encoding="utf-8"?>
<Project ToolsVersion="4.0" xmlns="http://schemas.microsoft.com/developer/msbuild/2003">
  <ItemGroup>
    <Filter Include="Source Files">
      <UniqueIdentifier>{4FC737F1-C7A5-4376-A066-2A32D752A2FF}</UniqueIdentifier>
      <Extensions>cpp;c;cc;cxx;def;odl;idl;hpj;bat;asm;asmx</Extensions>
    </Filter>
    <Filter Include="Header Files">
      <UniqueIdentifier>{93995380-89BD-4b04-88EB-625FBE52EBFB}</UniqueIdentifier>
      <Extensions>h;hh;hpp;hxx;hm;inl;inc;xsd</Extensions>
    </Filter>
  </ItemGroup>
  <ItemGroup>
    <ClInclude Include="..\Thirdparty\libmad\bit.h">
      <Filter>Header Files</Filter>
    </ClInclude>
    <ClInclude Include="..\Thirdparty\libmad\config.h">
      <Filter>Header Files</Filter>
    </ClInclude>
    <ClInclude Include="..\Thirdparty\libmad\decoder.h">
      <Filter>Header Files</Filter>
    </ClInclude>
    <ClInclude Include="..\Thirdparty\libmad\fixed.h">
      <Filter>Header Files</Filter>
    </ClInclude>
    <ClInclude Include="..\Thirdparty\libmad\frame.h">
      <Filter>Header Files</Filter>
    </ClInclude>
    <ClInclude Include="..\Thirdparty\libmad\global.h">
      <Filter>Header Files</Filter>
    </ClInclude>
    <ClInclude Include="..\Thirdparty\libmad\huffman.h">
      <Filter>Header Files</Filter>
    </ClInclude>
    <ClInclude Include="..\Thirdparty\libmad\layer12.h">
      <Filter>Header Files</Filter>
    </ClInclude>
    <ClInclude Include="..\Thirdparty\libmad\layer3.h">
      <Filter>Header Files</Filter>
    </ClInclude>
    <ClInclude Include="..\Thirdparty\libmad\mad.h">
      <Filter>Header Files</Filter>
    </ClInclude>
    <ClInclude Include="..\Thirdparty\libmad\stream.h">
      <Filter>Header Files</Filter>
    </ClInclude>
    <ClInclude Include="..\Thirdparty\libmad\synth.h">
      <Filter>Header Files</Filter>
    </ClInclude>
    <ClInclude Include="..\Thirdparty\libmad\timer.h">
      <Filter>Header Files</Filter>
    </ClInclude>
    <ClInclude Include="..\Thirdparty\libmad\version.h">
      <Filter>Header Files</Filter>
    </ClInclude>
  </ItemGroup>
  <ItemGroup>
    <ClCompile Include="..\Thirdparty\libmad\bit.c">
      <Filter>Source Files</Filter>
    </ClCompile>
    <ClCompile Include="..\Thirdparty\libmad\decoder.c">
      <Filter>Source Files</Filter>
    </ClCompile>
    <ClCompile Include="..\Thirdparty\libmad\fixed.c">
      <Filter>Source Files</Filter>
    </ClCompile>
    <ClCompile Include="..\Thirdparty\libmad\frame.c">
      <Filter>Source Files</Filter>
    </ClCompile>
    <ClCompile Include="..\Thirdparty\libmad\huffman.c">
      <Filter>Source Files</Filter>
    </ClCompile>
    <ClCompile Include="..\Thirdparty\libmad\layer12.c">
      <Filter>Source Files</Filter>
    </ClCompile>
    <ClCompile Include="..\Thirdparty\libmad\layer3.c">
      <Filter>Source Files</Filter>
    </ClCompile>
    <ClCompile Include="..\Thirdparty\libmad\stream.c">
      <Filter>Source Files</Filter>
    </ClCompile>
    <ClCompile Include="..\Thirdparty\libmad\synth.c">
      <Filter>Source Files</Filter>
    </ClCompile>
    <ClCompile Include="..\Thirdparty\libmad\timer.c">
      <Filter>Source Files</Filter>
    </ClCompile>
    <ClCompile Include="..\Thirdparty\libmad\version.c">
      <Filter>Source Files</Filter>
    </ClCompile>
  </ItemGroup>
</Project>